Microsoft Visual Studio Solution File, Format Version 12.00
# Visual Studio Version 17
VisualStudioVersion = 17.11.35431.28
MinimumVisualStudioVersion = 10.0.40219.1
Project("{9A19103F-16F7-4668-BE54-9A1E7A4F7556}") = "AspireAppEmp.AppHost", "AspireAppEmp.AppHost\AspireAppEmp.AppHost.csproj", "{A6A2D052-C375-4D4D-A0CC-018E4913C440}"
EndProject
Project("{9A19103F-16F7-4668-BE54-9A1E7A4F7556}") = "AspireAppEmp.ServiceDefaults", "AspireAppEmp.ServiceDefaults\AspireAppEmp.ServiceDefaults.csproj", "{138E8A68-26BD-4F3F-A6CB-A5217BC88F6A}"
EndProject
Project("{9A19103F-16F7-4668-BE54-9A1E7A4F7556}") = "AspireAppEmp.ApiService", "AspireAppEmp.ApiService\AspireAppEmp.ApiService.csproj", "{DFEB1AB7-C2E3-4042-869B-6C44196808BD}"
EndProject
Project("{9A19103F-16F7-4668-BE54-9A1E7A4F7556}") = "AspireAppEmp.Web", "AspireAppEmp.Web\AspireAppEmp.Web.csproj", "{D419EAFA-4541-43C3-BD61-F79D11D28207}"
EndProject
Project("{FAE04EC0-301F-11D3-BF4B-00C04F79EFBC}") = "AspireAppEmp.BL", "AspireAppEmp.BL\AspireAppEmp.BL.csproj", "{32289F3B-8F83-4039-999B-27B04A9181FA}"
EndProject
Project("{FAE04EC0-301F-11D3-BF4B-00C04F79EFBC}") = "AspireAppEmp.Model", "AspireAppEmp.Model\AspireAppEmp.Model.csproj", "{5CF3CD14-85D7-450B-ABA1-3443F152B32C}"
EndProject
Project("{FAE04EC0-301F-11D3-BF4B-00C04F79EFBC}") = "AspireAppEmp.Database", "AspireAppEmp.Database\AspireAppEmp.Database.csproj", "{7A040BAC-2696-4A88-A2D5-87DE1A84EA88}"
EndProject
Global
	GlobalSection(SolutionConfigurationPlatforms) = preSolution
		Debug|Any CPU = Debug|Any CPU
		Release|Any CPU = Release|Any CPU
	EndGlobalSection
	GlobalSection(ProjectConfigurationPlatforms) = postSolution
		{A6A2D052-C375-4D4D-A0CC-018E4913C440}.Debug|Any CPU.ActiveCfg = Debug|Any CPU
		{A6A2D052-C375-4D4D-A0CC-018E4913C440}.Debug|Any CPU.Build.0 = Debug|Any CPU
		{A6A2D052-C375-4D4D-A0CC-018E4913C440}.Release|Any CPU.ActiveCfg = Release|Any CPU
		{A6A2D052-C375-4D4D-A0CC-018E4913C440}.Release|Any CPU.Build.0 = Release|Any CPU
		{138E8A68-26BD-4F3F-A6CB-A5217BC88F6A}.Debug|Any CPU.ActiveCfg = Debug|Any CPU
		{138E8A68-26BD-4F3F-A6CB-A5217BC88F6A}.Debug|Any CPU.Build.0 = Debug|Any CPU
		{138E8A68-26BD-4F3F-A6CB-A5217BC88F6A}.Release|Any CPU.ActiveCfg = Release|Any CPU
		{138E8A68-26BD-4F3F-A6CB-A5217BC88F6A}.Release|Any CPU.Build.0 = Release|Any CPU
		{DFEB1AB7-C2E3-4042-869B-6C44196808BD}.Debug|Any CPU.ActiveCfg = Debug|Any CPU
		{DFEB1AB7-C2E3-4042-869B-6C44196808BD}.Debug|Any CPU.Build.0 = Debug|Any CPU
		{DFEB1AB7-C2E3-4042-869B-6C44196808BD}.Release|Any CPU.ActiveCfg = Release|Any CPU
		{DFEB1AB7-C2E3-4042-869B-6C44196808BD}.Release|Any CPU.Build.0 = Release|Any CPU
		{D419EAFA-4541-43C3-BD61-F79D11D28207}.Debug|Any CPU.ActiveCfg = Debug|Any CPU
		{D419EAFA-4541-43C3-BD61-F79D11D28207}.Debug|Any CPU.Build.0 = Debug|Any CPU
		{D419EAFA-4541-43C3-BD61-F79D11D28207}.Release|Any CPU.ActiveCfg = Release|Any CPU
		{D419EAFA-4541-43C3-BD61-F79D11D28207}.Release|Any CPU.Build.0 = Release|Any CPU
		{32289F3B-8F83-4039-999B-27B04A9181FA}.Debug|Any CPU.ActiveCfg = Debug|Any CPU
		{32289F3B-8F83-4039-999B-27B04A9181FA}.Debug|Any CPU.Build.0 = Debug|Any CPU
		{32289F3B-8F83-4039-999B-27B04A9181FA}.Release|Any CPU.ActiveCfg = Release|Any CPU
		{32289F3B-8F83-4039-999B-27B04A9181FA}.Release|Any CPU.Build.0 = Release|Any CPU
		{5CF3CD14-85D7-450B-ABA1-3443F152B32C}.Debug|Any CPU.ActiveCfg = Debug|Any CPU
		{5CF3CD14-85D7-450B-ABA1-3443F152B32C}.Debug|Any CPU.Build.0 = Debug|Any CPU
		{5CF3CD14-85D7-450B-ABA1-3443F152B32C}.Release|Any CPU.ActiveCfg = Release|Any CPU
		{5CF3CD14-85D7-450B-ABA1-3443F152B32C}.Release|Any CPU.Build.0 = Release|Any CPU
		{7A040BAC-2696-4A88-A2D5-87DE1A84EA88}.Debug|Any CPU.ActiveCfg = Debug|Any CPU
		{7A040BAC-2696-4A88-A2D5-87DE1A84EA88}.Debug|Any CPU.Build.0 = Debug|Any CPU
		{7A040BAC-2696-4A88-A2D5-87DE1A84EA88}.Release|Any CPU.ActiveCfg = Release|Any CPU
		{7A040BAC-2696-4A88-A2D5-87DE1A84EA88}.Release|Any CPU.Build.0 = Release|Any CPU
	EndGlobalSection
	GlobalSection(SolutionProperties) = preSolution
		HideSolutionNode = FALSE
	EndGlobalSection
	GlobalSection(ExtensibilityGlobals) = postSolution
		SolutionGuid = {E535E38E-3D79-4983-8643-6DA6F6D6DB5E}
	EndGlobalSection
EndGlobal
